// !$*UTF8*$!
{
	archiveVersion = 1;
	classes = {
	};
	objectVersion = 46;
	objects = {

/* Begin PBXBuildFile section */
		6E26E4A01C628D3A006EC94F /* AppDelegate.swift in Sources */ = {isa = PBXBuildFile; fileRef = 6E26E49F1C628D3A006EC94F /* AppDelegate.swift */; };
		6E26E4A51C628D3A006EC94F /* Main.storyboard in Resources */ = {isa = PBXBuildFile; fileRef = 6E26E4A31C628D3A006EC94F /* Main.storyboard */; };
		6E26E4A71C628D3A006EC94F /* Assets.xcassets in Resources */ = {isa = PBXBuildFile; fileRef = 6E26E4A61C628D3A006EC94F /* Assets.xcassets */; };
		6E26E4AA1C628D3A006EC94F /* LaunchScreen.storyboard in Resources */ = {isa = PBXBuildFile; fileRef = 6E26E4A81C628D3A006EC94F /* LaunchScreen.storyboard */; };
		6E26E4B51C628D3A006EC94F /* StudyBuddyTests.swift in Sources */ = {isa = PBXBuildFile; fileRef = 6E26E4B41C628D3A006EC94F /* StudyBuddyTests.swift */; };
		6E26E4C01C628D3A006EC94F /* StudyBuddyUITests.swift in Sources */ = {isa = PBXBuildFile; fileRef = 6E26E4BF1C628D3A006EC94F /* StudyBuddyUITests.swift */; };
		6E26E4E41C62916C006EC94F /* AudioToolbox.framework in Frameworks */ = {isa = PBXBuildFile; fileRef = 6E26E4DA1C62916C006EC94F /* AudioToolbox.framework */; };
		6E26E4E51C62916C006EC94F /* CFNetwork.framework in Frameworks */ = {isa = PBXBuildFile; fileRef = 6E26E4DB1C62916C006EC94F /* CFNetwork.framework */; };
		6E26E4E61C62916C006EC94F /* CoreGraphics.framework in Frameworks */ = {isa = PBXBuildFile; fileRef = 6E26E4DC1C62916C006EC94F /* CoreGraphics.framework */; };
		6E26E4E71C62916C006EC94F /* CoreLocation.framework in Frameworks */ = {isa = PBXBuildFile; fileRef = 6E26E4DD1C62916C006EC94F /* CoreLocation.framework */; };
		6E26E4E81C62916C006EC94F /* libsqlite3.tbd in Frameworks */ = {isa = PBXBuildFile; fileRef = 6E26E4DE1C62916C006EC94F /* libsqlite3.tbd */; };
		6E26E4E91C62916C006EC94F /* libz.tbd in Frameworks */ = {isa = PBXBuildFile; fileRef = 6E26E4DF1C62916C006EC94F /* libz.tbd */; };
		6E26E4EA1C62916C006EC94F /* QuartzCore.framework in Frameworks */ = {isa = PBXBuildFile; fileRef = 6E26E4E01C62916C006EC94F /* QuartzCore.framework */; };
		6E26E4EB1C62916C006EC94F /* Security.framework in Frameworks */ = {isa = PBXBuildFile; fileRef = 6E26E4E11C62916C006EC94F /* Security.framework */; };
		6E26E4EC1C62916C006EC94F /* StoreKit.framework in Frameworks */ = {isa = PBXBuildFile; fileRef = 6E26E4E21C62916C006EC94F /* StoreKit.framework */; };
		6E26E4ED1C62916C006EC94F /* SystemConfiguration.framework in Frameworks */ = {isa = PBXBuildFile; fileRef = 6E26E4E31C62916C006EC94F /* SystemConfiguration.framework */; };
		6E26E4F11C629247006EC94F /* LoginViewController.swift in Sources */ = {isa = PBXBuildFile; fileRef = 6E26E4EE1C629247006EC94F /* LoginViewController.swift */; };
		6E26E4F21C629247006EC94F /* ResetPasswordViewController.swift in Sources */ = {isa = PBXBuildFile; fileRef = 6E26E4EF1C629247006EC94F /* ResetPasswordViewController.swift */; };
		6E26E4F31C629247006EC94F /* SignUpViewController.swift in Sources */ = {isa = PBXBuildFile; fileRef = 6E26E4F01C629247006EC94F /* SignUpViewController.swift */; };
		6E504F521CB4B521002B1088 /* CourseTableViewCell.swift in Sources */ = {isa = PBXBuildFile; fileRef = 6E504F511CB4B521002B1088 /* CourseTableViewCell.swift */; };
		6E504F541CB4BF63002B1088 /* ProfileViewController.swift in Sources */ = {isa = PBXBuildFile; fileRef = 6E504F531CB4BF63002B1088 /* ProfileViewController.swift */; };
		6E504F571CB4BFA3002B1088 /* ProfileTableViewCell.swift in Sources */ = {isa = PBXBuildFile; fileRef = 6E504F561CB4BFA3002B1088 /* ProfileTableViewCell.swift */; };
		6E504F5A1CB4CAB1002B1088 /* AddCourseTableViewController.swift in Sources */ = {isa = PBXBuildFile; fileRef = 6E504F581CB4CAB1002B1088 /* AddCourseTableViewController.swift */; };
		6E504F5C1CB4CC98002B1088 /* SelectOptionTableViewController.swift in Sources */ = {isa = PBXBuildFile; fileRef = 6E504F5B1CB4CC98002B1088 /* SelectOptionTableViewController.swift */; };
		6E9661D31C67E56F00A11453 /* AkiraTextField.swift in Sources */ = {isa = PBXBuildFile; fileRef = 6E9661C71C67E56F00A11453 /* AkiraTextField.swift */; };
		6E9661D41C67E56F00A11453 /* HoshiTextField.swift in Sources */ = {isa = PBXBuildFile; fileRef = 6E9661C81C67E56F00A11453 /* HoshiTextField.swift */; };
		6E9661D51C67E56F00A11453 /* Info.plist in Resources */ = {isa = PBXBuildFile; fileRef = 6E9661C91C67E56F00A11453 /* Info.plist */; };
		6E9661D61C67E56F00A11453 /* IsaoTextField.swift in Sources */ = {isa = PBXBuildFile; fileRef = 6E9661CA1C67E56F00A11453 /* IsaoTextField.swift */; };
		6E9661D71C67E56F00A11453 /* JiroTextField.swift in Sources */ = {isa = PBXBuildFile; fileRef = 6E9661CB1C67E56F00A11453 /* JiroTextField.swift */; };
		6E9661D81C67E56F00A11453 /* KaedeTextField.swift in Sources */ = {isa = PBXBuildFile; fileRef = 6E9661CC1C67E56F00A11453 /* KaedeTextField.swift */; };
		6E9661D91C67E56F00A11453 /* MadokaTextField.swift in Sources */ = {isa = PBXBuildFile; fileRef = 6E9661CD1C67E56F00A11453 /* MadokaTextField.swift */; };
		6E9661DA1C67E56F00A11453 /* MinoruTextField.swift in Sources */ = {isa = PBXBuildFile; fileRef = 6E9661CE1C67E56F00A11453 /* MinoruTextField.swift */; };
		6E9661DB1C67E56F00A11453 /* TextFieldsEffects.swift in Sources */ = {isa = PBXBuildFile; fileRef = 6E9661D01C67E56F00A11453 /* TextFieldsEffects.swift */; };
		6E9661DC1C67E56F00A11453 /* YokoTextField.swift in Sources */ = {isa = PBXBuildFile; fileRef = 6E9661D11C67E56F00A11453 /* YokoTextField.swift */; };
		6E9661DD1C67E56F00A11453 /* YoshikoTextField.swift in Sources */ = {isa = PBXBuildFile; fileRef = 6E9661D21C67E56F00A11453 /* YoshikoTextField.swift */; };
		6E9661DF1C67EC4300A11453 /* HomeViewController.swift in Sources */ = {isa = PBXBuildFile; fileRef = 6E9661DE1C67EC4300A11453 /* HomeViewController.swift */; };
		6EBF4B401CB205FF00E08A1B /* ActiveChatsViewController.swift in Sources */ = {isa = PBXBuildFile; fileRef = 6EBF4B3E1CB205FF00E08A1B /* ActiveChatsViewController.swift */; };
		6EBF4B411CB205FF00E08A1B /* ActiveChatTableViewCell.swift in Sources */ = {isa = PBXBuildFile; fileRef = 6EBF4B3F1CB205FF00E08A1B /* ActiveChatTableViewCell.swift */; };
		6EBF4B431CB2061300E08A1B /* ChatViewController.swift in Sources */ = {isa = PBXBuildFile; fileRef = 6EBF4B421CB2061300E08A1B /* ChatViewController.swift */; };
		6EBF4B461CB2078900E08A1B /* chat.png in Resources */ = {isa = PBXBuildFile; fileRef = 6EBF4B451CB2078900E08A1B /* chat.png */; };
		6EBF4B481CB207B700E08A1B /* Images.xcassets in Resources */ = {isa = PBXBuildFile; fileRef = 6EBF4B471CB207B700E08A1B /* Images.xcassets */; };
		6EE0606B1C7E46BF0064DB8C /* SetupViewController.swift in Sources */ = {isa = PBXBuildFile; fileRef = 6EE0606A1C7E46BF0064DB8C /* SetupViewController.swift */; };
		6EE060701C7E48F50064DB8C /* SelectedUserTableViewCell.swift in Sources */ = {isa = PBXBuildFile; fileRef = 6EE0606F1C7E48F50064DB8C /* SelectedUserTableViewCell.swift */; };
		9006DF831C7260570085711C /* FBAudienceNetwork.framework in Frameworks */ = {isa = PBXBuildFile; fileRef = 9006DF7E1C7260570085711C /* FBAudienceNetwork.framework */; };
		9006DF841C7260570085711C /* FBSDKCoreKit.framework in Frameworks */ = {isa = PBXBuildFile; fileRef = 9006DF7F1C7260570085711C /* FBSDKCoreKit.framework */; };
		9006DF851C7260570085711C /* FBSDKLoginKit.framework in Frameworks */ = {isa = PBXBuildFile; fileRef = 9006DF801C7260570085711C /* FBSDKLoginKit.framework */; };
		9006DF861C7260570085711C /* FBSDKMessengerShareKit.framework in Frameworks */ = {isa = PBXBuildFile; fileRef = 9006DF811C7260570085711C /* FBSDKMessengerShareKit.framework */; };
		9006DF871C7260570085711C /* FBSDKShareKit.framework in Frameworks */ = {isa = PBXBuildFile; fileRef = 9006DF821C7260570085711C /* FBSDKShareKit.framework */; };
		9006DF891C7265240085711C /* Accounts.framework in Frameworks */ = {isa = PBXBuildFile; fileRef = 9006DF881C7265240085711C /* Accounts.framework */; };
		9006DF8B1C72654F0085711C /* MobileCoreServices.framework in Frameworks */ = {isa = PBXBuildFile; fileRef = 9006DF8A1C72654F0085711C /* MobileCoreServices.framework */; };
		9006DF8D1C7265660085711C /* Social.framework in Frameworks */ = {isa = PBXBuildFile; fileRef = 9006DF8C1C7265660085711C /* Social.framework */; };
		90D6359F1C692A8A0021FD26 /* Bolts.framework in Frameworks */ = {isa = PBXBuildFile; fileRef = 90D6359D1C692A8A0021FD26 /* Bolts.framework */; };
		90D635A01C692A8A0021FD26 /* Parse.framework in Frameworks */ = {isa = PBXBuildFile; fileRef = 90D6359E1C692A8A0021FD26 /* Parse.framework */; };
		90D635A61C692AC00021FD26 /* ParseFacebookUtilsV4.framework in Frameworks */ = {isa = PBXBuildFile; fileRef = 90D635A21C692AC00021FD26 /* ParseFacebookUtilsV4.framework */; };
		90D635A71C692AC00021FD26 /* ParseTwitterUtils.framework in Frameworks */ = {isa = PBXBuildFile; fileRef = 90D635A31C692AC00021FD26 /* ParseTwitterUtils.framework */; };
		90D635A81C692AC00021FD26 /* ParseUI.framework in Frameworks */ = {isa = PBXBuildFile; fileRef = 90D635A41C692AC00021FD26 /* ParseUI.framework */; };
		E462E1C51F5BC6766B21E5D5 /* Pods_StudyBuddy.framework in Frameworks */ = {isa = PBXBuildFile; fileRef = 73A63FC9415F499029047009 /* Pods_StudyBuddy.framework */; };
/* End PBXBuildFile section */

/* Begin PBXContainerItemProxy section */
		6E26E4B11C628D3A006EC94F /* PBXContainerItemProxy */ = {
			isa = PBXContainerItemProxy;
			containerPortal = 6E26E4941C628D3A006EC94F /* Project object */;
			proxyType = 1;
			remoteGlobalIDString = 6E26E49B1C628D3A006EC94F;
			remoteInfo = StudyBuddy;
		};
		6E26E4BC1C628D3A006EC94F /* PBXContainerItemProxy */ = {
			isa = PBXContainerItemProxy;
			containerPortal = 6E26E4941C628D3A006EC94F /* Project object */;
			proxyType = 1;
			remoteGlobalIDString = 6E26E49B1C628D3A006EC94F;
			remoteInfo = StudyBuddy;
		};
/* End PBXContainerItemProxy section */

/* Begin PBXFileReference section */
		52DD21A05CA8943A96E5BD05 /* Pods-StudyBuddy.debug.xcconfig */ = {isa = PBXFileReference; includeInIndex = 1; lastKnownFileType = text.xcconfig; name = "Pods-StudyBuddy.debug.xcconfig"; path = "Pods/Target Support Files/Pods-StudyBuddy/Pods-StudyBuddy.debug.xcconfig"; sourceTree = "<group>"; };
		6E26E49C1C628D3A006EC94F /* StudyBuddy.app */ = {isa = PBXFileReference; explicitFileType = wrapper.application; includeInIndex = 0; path = StudyBuddy.app; sourceTree = BUILT_PRODUCTS_DIR; };
		6E26E49F1C628D3A006EC94F /* AppDelegate.swift */ = {isa = PBXFileReference; lastKnownFileType = sourcecode.swift; path = AppDelegate.swift; sourceTree = "<group>"; };
		6E26E4A41C628D3A006EC94F /* Base */ = {isa = PBXFileReference; lastKnownFileType = file.storyboard; name = Base; path = Base.lproj/Main.storyboard; sourceTree = "<group>"; };
		6E26E4A61C628D3A006EC94F /* Assets.xcassets */ = {isa = PBXFileReference; lastKnownFileType = folder.assetcatalog; path = Assets.xcassets; sourceTree = "<group>"; };
		6E26E4A91C628D3A006EC94F /* Base */ = {isa = PBXFileReference; lastKnownFileType = file.storyboard; name = Base; path = Base.lproj/LaunchScreen.storyboard; sourceTree = "<group>"; };
		6E26E4AB1C628D3A006EC94F /* Info.plist */ = {isa = PBXFileReference; lastKnownFileType = text.plist.xml; path = Info.plist; sourceTree = "<group>"; };
		6E26E4B01C628D3A006EC94F /* StudyBuddyTests.xctest */ = {isa = PBXFileReference; explicitFileType = wrapper.cfbundle; includeInIndex = 0; path = StudyBuddyTests.xctest; sourceTree = BUILT_PRODUCTS_DIR; };
		6E26E4B41C628D3A006EC94F /* StudyBuddyTests.swift */ = {isa = PBXFileReference; lastKnownFileType = sourcecode.swift; path = StudyBuddyTests.swift; sourceTree = "<group>"; };
		6E26E4B61C628D3A006EC94F /* Info.plist */ = {isa = PBXFileReference; lastKnownFileType = text.plist.xml; path = Info.plist; sourceTree = "<group>"; };
		6E26E4BB1C628D3A006EC94F /* StudyBuddyUITests.xctest */ = {isa = PBXFileReference; explicitFileType = wrapper.cfbundle; includeInIndex = 0; path = StudyBuddyUITests.xctest; sourceTree = BUILT_PRODUCTS_DIR; };
		6E26E4BF1C628D3A006EC94F /* StudyBuddyUITests.swift */ = {isa = PBXFileReference; lastKnownFileType = sourcecode.swift; path = StudyBuddyUITests.swift; sourceTree = "<group>"; };
		6E26E4C11C628D3A006EC94F /* Info.plist */ = {isa = PBXFileReference; lastKnownFileType = text.plist.xml; path = Info.plist; sourceTree = "<group>"; };
		6E26E4DA1C62916C006EC94F /* AudioToolbox.framework */ = {isa = PBXFileReference; lastKnownFileType = wrapper.framework; name = AudioToolbox.framework; path = System/Library/Frameworks/AudioToolbox.framework; sourceTree = SDKROOT; };
		6E26E4DB1C62916C006EC94F /* CFNetwork.framework */ = {isa = PBXFileReference; lastKnownFileType = wrapper.framework; name = CFNetwork.framework; path = System/Library/Frameworks/CFNetwork.framework; sourceTree = SDKROOT; };
		6E26E4DC1C62916C006EC94F /* CoreGraphics.framework */ = {isa = PBXFileReference; lastKnownFileType = wrapper.framework; name = CoreGraphics.framework; path = System/Library/Frameworks/CoreGraphics.framework; sourceTree = SDKROOT; };
		6E26E4DD1C62916C006EC94F /* CoreLocation.framework */ = {isa = PBXFileReference; lastKnownFileType = wrapper.framework; name = CoreLocation.framework; path = System/Library/Frameworks/CoreLocation.framework; sourceTree = SDKROOT; };
		6E26E4DE1C62916C006EC94F /* libsqlite3.tbd */ = {isa = PBXFileReference; lastKnownFileType = "sourcecode.text-based-dylib-definition"; name = libsqlite3.tbd; path = usr/lib/libsqlite3.tbd; sourceTree = SDKROOT; };
		6E26E4DF1C62916C006EC94F /* libz.tbd */ = {isa = PBXFileReference; lastKnownFileType = "sourcecode.text-based-dylib-definition"; name = libz.tbd; path = usr/lib/libz.tbd; sourceTree = SDKROOT; };
		6E26E4E01C62916C006EC94F /* QuartzCore.framework */ = {isa = PBXFileReference; lastKnownFileType = wrapper.framework; name = QuartzCore.framework; path = System/Library/Frameworks/QuartzCore.framework; sourceTree = SDKROOT; };
		6E26E4E11C62916C006EC94F /* Security.framework */ = {isa = PBXFileReference; lastKnownFileType = wrapper.framework; name = Security.framework; path = System/Library/Frameworks/Security.framework; sourceTree = SDKROOT; };
		6E26E4E21C62916C006EC94F /* StoreKit.framework */ = {isa = PBXFileReference; lastKnownFileType = wrapper.framework; name = StoreKit.framework; path = System/Library/Frameworks/StoreKit.framework; sourceTree = SDKROOT; };
		6E26E4E31C62916C006EC94F /* SystemConfiguration.framework */ = {isa = PBXFileReference; lastKnownFileType = wrapper.framework; name = SystemConfiguration.framework; path = System/Library/Frameworks/SystemConfiguration.framework; sourceTree = SDKROOT; };
		6E26E4EE1C629247006EC94F /* LoginViewController.swift */ = {isa = PBXFileReference; fileEncoding = 4; lastKnownFileType = sourcecode.swift; path = LoginViewController.swift; sourceTree = "<group>"; };
		6E26E4EF1C629247006EC94F /* ResetPasswordViewController.swift */ = {isa = PBXFileReference; fileEncoding = 4; lastKnownFileType = sourcecode.swift; path = ResetPasswordViewController.swift; sourceTree = "<group>"; };
		6E26E4F01C629247006EC94F /* SignUpViewController.swift */ = {isa = PBXFileReference; fileEncoding = 4; lastKnownFileType = sourcecode.swift; path = SignUpViewController.swift; sourceTree = "<group>"; };
		6E504F511CB4B521002B1088 /* CourseTableViewCell.swift */ = {isa = PBXFileReference; fileEncoding = 4; lastKnownFileType = sourcecode.swift; path = CourseTableViewCell.swift; sourceTree = "<group>"; };
		6E504F531CB4BF63002B1088 /* ProfileViewController.swift */ = {isa = PBXFileReference; fileEncoding = 4; lastKnownFileType = sourcecode.swift; path = ProfileViewController.swift; sourceTree = "<group>"; };
		6E504F561CB4BFA3002B1088 /* ProfileTableViewCell.swift */ = {isa = PBXFileReference; fileEncoding = 4; lastKnownFileType = sourcecode.swift; path = ProfileTableViewCell.swift; sourceTree = "<group>"; };
		6E504F581CB4CAB1002B1088 /* AddCourseTableViewController.swift */ = {isa = PBXFileReference; fileEncoding = 4; lastKnownFileType = sourcecode.swift; path = AddCourseTableViewController.swift; sourceTree = "<group>"; };
		6E504F5B1CB4CC98002B1088 /* SelectOptionTableViewController.swift */ = {isa = PBXFileReference; fileEncoding = 4; lastKnownFileType = sourcecode.swift; path = SelectOptionTableViewController.swift; sourceTree = "<group>"; };
		6E9661C71C67E56F00A11453 /* AkiraTextField.swift */ = {isa = PBXFileReference; fileEncoding = 4; lastKnownFileType = sourcecode.swift; path = AkiraTextField.swift; sourceTree = "<group>"; };
		6E9661C81C67E56F00A11453 /* HoshiTextField.swift */ = {isa = PBXFileReference; fileEncoding = 4; lastKnownFileType = sourcecode.swift; path = HoshiTextField.swift; sourceTree = "<group>"; };
		6E9661C91C67E56F00A11453 /* Info.plist */ = {isa = PBXFileReference; fileEncoding = 4; lastKnownFileType = text.plist.xml; path = Info.plist; sourceTree = "<group>"; };
		6E9661CA1C67E56F00A11453 /* IsaoTextField.swift */ = {isa = PBXFileReference; fileEncoding = 4; lastKnownFileType = sourcecode.swift; path = IsaoTextField.swift; sourceTree = "<group>"; };
		6E9661CB1C67E56F00A11453 /* JiroTextField.swift */ = {isa = PBXFileReference; fileEncoding = 4; lastKnownFileType = sourcecode.swift; path = JiroTextField.swift; sourceTree = "<group>"; };
		6E9661CC1C67E56F00A11453 /* KaedeTextField.swift */ = {isa = PBXFileReference; fileEncoding = 4; lastKnownFileType = sourcecode.swift; path = KaedeTextField.swift; sourceTree = "<group>"; };
		6E9661CD1C67E56F00A11453 /* MadokaTextField.swift */ = {isa = PBXFileReference; fileEncoding = 4; lastKnownFileType = sourcecode.swift; path = MadokaTextField.swift; sourceTree = "<group>"; };
		6E9661CE1C67E56F00A11453 /* MinoruTextField.swift */ = {isa = PBXFileReference; fileEncoding = 4; lastKnownFileType = sourcecode.swift; path = MinoruTextField.swift; sourceTree = "<group>"; };
		6E9661CF1C67E56F00A11453 /* TextFieldEffects.h */ = {isa = PBXFileReference; fileEncoding = 4; lastKnownFileType = sourcecode.c.h; path = TextFieldEffects.h; sourceTree = "<group>"; };
		6E9661D01C67E56F00A11453 /* TextFieldsEffects.swift */ = {isa = PBXFileReference; fileEncoding = 4; lastKnownFileType = sourcecode.swift; path = TextFieldsEffects.swift; sourceTree = "<group>"; };
		6E9661D11C67E56F00A11453 /* YokoTextField.swift */ = {isa = PBXFileReference; fileEncoding = 4; lastKnownFileType = sourcecode.swift; path = YokoTextField.swift; sourceTree = "<group>"; };
		6E9661D21C67E56F00A11453 /* YoshikoTextField.swift */ = {isa = PBXFileReference; fileEncoding = 4; lastKnownFileType = sourcecode.swift; path = YoshikoTextField.swift; sourceTree = "<group>"; };
		6E9661DE1C67EC4300A11453 /* HomeViewController.swift */ = {isa = PBXFileReference; fileEncoding = 4; lastKnownFileType = sourcecode.swift; path = HomeViewController.swift; sourceTree = "<group>"; };
		6EBF4B3E1CB205FF00E08A1B /* ActiveChatsViewController.swift */ = {isa = PBXFileReference; fileEncoding = 4; lastKnownFileType = sourcecode.swift; path = ActiveChatsViewController.swift; sourceTree = "<group>"; };
		6EBF4B3F1CB205FF00E08A1B /* ActiveChatTableViewCell.swift */ = {isa = PBXFileReference; fileEncoding = 4; lastKnownFileType = sourcecode.swift; path = ActiveChatTableViewCell.swift; sourceTree = "<group>"; };
		6EBF4B421CB2061300E08A1B /* ChatViewController.swift */ = {isa = PBXFileReference; fileEncoding = 4; lastKnownFileType = sourcecode.swift; path = ChatViewController.swift; sourceTree = "<group>"; };
		6EBF4B451CB2078900E08A1B /* chat.png */ = {isa = PBXFileReference; lastKnownFileType = image.png; path = chat.png; sourceTree = "<group>"; };
		6EBF4B471CB207B700E08A1B /* Images.xcassets */ = {isa = PBXFileReference; lastKnownFileType = folder.assetcatalog; path = Images.xcassets; sourceTree = "<group>"; };
		6EE0606A1C7E46BF0064DB8C /* SetupViewController.swift */ = {isa = PBXFileReference; fileEncoding = 4; lastKnownFileType = sourcecode.swift; path = SetupViewController.swift; sourceTree = "<group>"; };
		6EE0606F1C7E48F50064DB8C /* SelectedUserTableViewCell.swift */ = {isa = PBXFileReference; fileEncoding = 4; lastKnownFileType = sourcecode.swift; path = SelectedUserTableViewCell.swift; sourceTree = "<group>"; };
		73A63FC9415F499029047009 /* Pods_StudyBuddy.framework */ = {isa = PBXFileReference; explicitFileType = wrapper.framework; includeInIndex = 0; path = Pods_StudyBuddy.framework; sourceTree = BUILT_PRODUCTS_DIR; };
		9006DF7E1C7260570085711C /* FBAudienceNetwork.framework */ = {isa = PBXFileReference; lastKnownFileType = wrapper.framework; path = FBAudienceNetwork.framework; sourceTree = "<group>"; };
		9006DF7F1C7260570085711C /* FBSDKCoreKit.framework */ = {isa = PBXFileReference; lastKnownFileType = wrapper.framework; path = FBSDKCoreKit.framework; sourceTree = "<group>"; };
		9006DF801C7260570085711C /* FBSDKLoginKit.framework */ = {isa = PBXFileReference; lastKnownFileType = wrapper.framework; path = FBSDKLoginKit.framework; sourceTree = "<group>"; };
		9006DF811C7260570085711C /* FBSDKMessengerShareKit.framework */ = {isa = PBXFileReference; lastKnownFileType = wrapper.framework; path = FBSDKMessengerShareKit.framework; sourceTree = "<group>"; };
		9006DF821C7260570085711C /* FBSDKShareKit.framework */ = {isa = PBXFileReference; lastKnownFileType = wrapper.framework; path = FBSDKShareKit.framework; sourceTree = "<group>"; };
		9006DF881C7265240085711C /* Accounts.framework */ = {isa = PBXFileReference; lastKnownFileType = wrapper.framework; name = Accounts.framework; path = System/Library/Frameworks/Accounts.framework; sourceTree = SDKROOT; };
		9006DF8A1C72654F0085711C /* MobileCoreServices.framework */ = {isa = PBXFileReference; lastKnownFileType = wrapper.framework; name = MobileCoreServices.framework; path = System/Library/Frameworks/MobileCoreServices.framework; sourceTree = SDKROOT; };
		9006DF8C1C7265660085711C /* Social.framework */ = {isa = PBXFileReference; lastKnownFileType = wrapper.framework; name = Social.framework; path = System/Library/Frameworks/Social.framework; sourceTree = SDKROOT; };
		90D6359D1C692A8A0021FD26 /* Bolts.framework */ = {isa = PBXFileReference; lastKnownFileType = wrapper.framework; path = Bolts.framework; sourceTree = "<group>"; };
		90D6359E1C692A8A0021FD26 /* Parse.framework */ = {isa = PBXFileReference; lastKnownFileType = wrapper.framework; path = Parse.framework; sourceTree = "<group>"; };
		90D635A11C692AC00021FD26 /* ParseFacebookUtils.framework */ = {isa = PBXFileReference; lastKnownFileType = wrapper.framework; path = ParseFacebookUtils.framework; sourceTree = "<group>"; };
		90D635A21C692AC00021FD26 /* ParseFacebookUtilsV4.framework */ = {isa = PBXFileReference; lastKnownFileType = wrapper.framework; path = ParseFacebookUtilsV4.framework; sourceTree = "<group>"; };
		90D635A31C692AC00021FD26 /* ParseTwitterUtils.framework */ = {isa = PBXFileReference; lastKnownFileType = wrapper.framework; path = ParseTwitterUtils.framework; sourceTree = "<group>"; };
		90D635A41C692AC00021FD26 /* ParseUI.framework */ = {isa = PBXFileReference; lastKnownFileType = wrapper.framework; path = ParseUI.framework; sourceTree = "<group>"; };
		924BEED1E96B4C618C14A0F3 /* Pods-StudyBuddy.release.xcconfig */ = {isa = PBXFileReference; includeInIndex = 1; lastKnownFileType = text.xcconfig; name = "Pods-StudyBuddy.release.xcconfig"; path = "Pods/Target Support Files/Pods-StudyBuddy/Pods-StudyBuddy.release.xcconfig"; sourceTree = "<group>"; };
/* End PBXFileReference section */

/* Begin PBXFrameworksBuildPhase section */
		6E26E4991C628D3A006EC94F /* Frameworks */ = {
			isa = PBXFrameworksBuildPhase;
			buildActionMask = 2147483647;
			files = (
				6E26E4E81C62916C006EC94F /* libsqlite3.tbd in Frameworks */,
				6E26E4E91C62916C006EC94F /* libz.tbd in Frameworks */,
				6E26E4ED1C62916C006EC94F /* SystemConfiguration.framework in Frameworks */,
				6E26E4EC1C62916C006EC94F /* StoreKit.framework in Frameworks */,
				9006DF8D1C7265660085711C /* Social.framework in Frameworks */,
				6E26E4EB1C62916C006EC94F /* Security.framework in Frameworks */,
				6E26E4EA1C62916C006EC94F /* QuartzCore.framework in Frameworks */,
				9006DF8B1C72654F0085711C /* MobileCoreServices.framework in Frameworks */,
				6E26E4E71C62916C006EC94F /* CoreLocation.framework in Frameworks */,
				6E26E4E61C62916C006EC94F /* CoreGraphics.framework in Frameworks */,
				6E26E4E51C62916C006EC94F /* CFNetwork.framework in Frameworks */,
				6E26E4E41C62916C006EC94F /* AudioToolbox.framework in Frameworks */,
				9006DF891C7265240085711C /* Accounts.framework in Frameworks */,
				90D6359F1C692A8A0021FD26 /* Bolts.framework in Frameworks */,
				9006DF831C7260570085711C /* FBAudienceNetwork.framework in Frameworks */,
				90D635A61C692AC00021FD26 /* ParseFacebookUtilsV4.framework in Frameworks */,
				90D635A71C692AC00021FD26 /* ParseTwitterUtils.framework in Frameworks */,
				9006DF841C7260570085711C /* FBSDKCoreKit.framework in Frameworks */,
				90D635A81C692AC00021FD26 /* ParseUI.framework in Frameworks */,
				90D635A01C692A8A0021FD26 /* Parse.framework in Frameworks */,
				9006DF861C7260570085711C /* FBSDKMessengerShareKit.framework in Frameworks */,
				9006DF851C7260570085711C /* FBSDKLoginKit.framework in Frameworks */,
				9006DF871C7260570085711C /* FBSDKShareKit.framework in Frameworks */,
				E462E1C51F5BC6766B21E5D5 /* Pods_StudyBuddy.framework in Frameworks */,
			);
			runOnlyForDeploymentPostprocessing = 0;
		};
		6E26E4AD1C628D3A006EC94F /* Frameworks */ = {
			isa = PBXFrameworksBuildPhase;
			buildActionMask = 2147483647;
			files = (
			);
			runOnlyForDeploymentPostprocessing = 0;
		};
		6E26E4B81C628D3A006EC94F /* Frameworks */ = {
			isa = PBXFrameworksBuildPhase;
			buildActionMask = 2147483647;
			files = (
			);
			runOnlyForDeploymentPostprocessing = 0;
		};
/* End PBXFrameworksBuildPhase section */

/* Begin PBXGroup section */
		6E26E4931C628D3A006EC94F = {
			isa = PBXGroup;
			children = (
				6E26E49E1C628D3A006EC94F /* StudyBuddy */,
				6E26E4B31C628D3A006EC94F /* StudyBuddyTests */,
				6E26E4BE1C628D3A006EC94F /* StudyBuddyUITests */,
				6E26E49D1C628D3A006EC94F /* Products */,
				B7349F1BB0F6312335A46E6F /* Pods */,
				BF9A84E553443F4747127E23 /* Frameworks */,
			);
			sourceTree = "<group>";
		};
		6E26E49D1C628D3A006EC94F /* Products */ = {
			isa = PBXGroup;
			children = (
				6E26E49C1C628D3A006EC94F /* StudyBuddy.app */,
				6E26E4B01C628D3A006EC94F /* StudyBuddyTests.xctest */,
				6E26E4BB1C628D3A006EC94F /* StudyBuddyUITests.xctest */,
			);
			name = Products;
			sourceTree = "<group>";
		};
		6E26E49E1C628D3A006EC94F /* StudyBuddy */ = {
			isa = PBXGroup;
			children = (
				6E9661C61C67E56F00A11453 /* TextFieldEffects */,
				6E26E4D91C6290EC006EC94F /* Frameworks */,
				6E504F591CB4CAB1002B1088 /* AddCourseControllers */,
				6EE060711C7E48FA0064DB8C /* TableViewCellControllers */,
				6EE060691C7E40B60064DB8C /* LoginControllers */,
				6EE0606E1C7E46D70064DB8C /* InitialSetupControllers */,
				6EBF4B441CB2067600E08A1B /* ChatControllers */,
				6E504F551CB4BF6E002B1088 /* HomeControllers */,
				6E26E4A61C628D3A006EC94F /* Assets.xcassets */,
				6EBF4B471CB207B700E08A1B /* Images.xcassets */,
				6E26E4A81C628D3A006EC94F /* LaunchScreen.storyboard */,
				6E26E4A31C628D3A006EC94F /* Main.storyboard */,
				6E26E4AB1C628D3A006EC94F /* Info.plist */,
				6E26E49F1C628D3A006EC94F /* AppDelegate.swift */,
				6EBF4B451CB2078900E08A1B /* chat.png */,
			);
			path = StudyBuddy;
			sourceTree = "<group>";
		};
		6E26E4B31C628D3A006EC94F /* StudyBuddyTests */ = {
			isa = PBXGroup;
			children = (
				6E26E4B41C628D3A006EC94F /* StudyBuddyTests.swift */,
				6E26E4B61C628D3A006EC94F /* Info.plist */,
			);
			path = StudyBuddyTests;
			sourceTree = "<group>";
		};
		6E26E4BE1C628D3A006EC94F /* StudyBuddyUITests */ = {
			isa = PBXGroup;
			children = (
				6E26E4BF1C628D3A006EC94F /* StudyBuddyUITests.swift */,
				6E26E4C11C628D3A006EC94F /* Info.plist */,
			);
			path = StudyBuddyUITests;
			sourceTree = "<group>";
		};
		6E26E4D91C6290EC006EC94F /* Frameworks */ = {
			isa = PBXGroup;
			children = (
				9006DF8C1C7265660085711C /* Social.framework */,
				9006DF8A1C72654F0085711C /* MobileCoreServices.framework */,
				9006DF881C7265240085711C /* Accounts.framework */,
				9006DF7E1C7260570085711C /* FBAudienceNetwork.framework */,
				9006DF7F1C7260570085711C /* FBSDKCoreKit.framework */,
				9006DF801C7260570085711C /* FBSDKLoginKit.framework */,
				9006DF811C7260570085711C /* FBSDKMessengerShareKit.framework */,
				9006DF821C7260570085711C /* FBSDKShareKit.framework */,
				90D635A11C692AC00021FD26 /* ParseFacebookUtils.framework */,
				90D635A21C692AC00021FD26 /* ParseFacebookUtilsV4.framework */,
				90D635A31C692AC00021FD26 /* ParseTwitterUtils.framework */,
				90D635A41C692AC00021FD26 /* ParseUI.framework */,
				90D6359D1C692A8A0021FD26 /* Bolts.framework */,
				90D6359E1C692A8A0021FD26 /* Parse.framework */,
				6E26E4DA1C62916C006EC94F /* AudioToolbox.framework */,
				6E26E4DB1C62916C006EC94F /* CFNetwork.framework */,
				6E26E4DC1C62916C006EC94F /* CoreGraphics.framework */,
				6E26E4DD1C62916C006EC94F /* CoreLocation.framework */,
				6E26E4DE1C62916C006EC94F /* libsqlite3.tbd */,
				6E26E4DF1C62916C006EC94F /* libz.tbd */,
				6E26E4E01C62916C006EC94F /* QuartzCore.framework */,
				6E26E4E11C62916C006EC94F /* Security.framework */,
				6E26E4E21C62916C006EC94F /* StoreKit.framework */,
				6E26E4E31C62916C006EC94F /* SystemConfiguration.framework */,
			);
			name = Frameworks;
			sourceTree = "<group>";
		};
		6E504F551CB4BF6E002B1088 /* HomeControllers */ = {
			isa = PBXGroup;
			children = (
				6E504F531CB4BF63002B1088 /* ProfileViewController.swift */,
				6E9661DE1C67EC4300A11453 /* HomeViewController.swift */,
			);
			name = HomeControllers;
			sourceTree = "<group>";
		};
		6E504F591CB4CAB1002B1088 /* AddCourseControllers */ = {
			isa = PBXGroup;
			children = (
				6E504F581CB4CAB1002B1088 /* AddCourseTableViewController.swift */,
				6E504F5B1CB4CC98002B1088 /* SelectOptionTableViewController.swift */,
			);
			name = AddCourseControllers;
			path = ..;
			sourceTree = "<group>";
		};
		6E9661C61C67E56F00A11453 /* TextFieldEffects */ = {
			isa = PBXGroup;
			children = (
				6E9661C71C67E56F00A11453 /* AkiraTextField.swift */,
				6E9661C81C67E56F00A11453 /* HoshiTextField.swift */,
				6E9661C91C67E56F00A11453 /* Info.plist */,
				6E9661CA1C67E56F00A11453 /* IsaoTextField.swift */,
				6E9661CB1C67E56F00A11453 /* JiroTextField.swift */,
				6E9661CC1C67E56F00A11453 /* KaedeTextField.swift */,
				6E9661CD1C67E56F00A11453 /* MadokaTextField.swift */,
				6E9661CE1C67E56F00A11453 /* MinoruTextField.swift */,
				6E9661CF1C67E56F00A11453 /* TextFieldEffects.h */,
				6E9661D01C67E56F00A11453 /* TextFieldsEffects.swift */,
				6E9661D11C67E56F00A11453 /* YokoTextField.swift */,
				6E9661D21C67E56F00A11453 /* YoshikoTextField.swift */,
			);
			path = TextFieldEffects;
			sourceTree = "<group>";
		};
		6EBF4B441CB2067600E08A1B /* ChatControllers */ = {
			isa = PBXGroup;
			children = (
				6EBF4B3E1CB205FF00E08A1B /* ActiveChatsViewController.swift */,
				6EBF4B421CB2061300E08A1B /* ChatViewController.swift */,
			);
			name = ChatControllers;
			sourceTree = "<group>";
		};
		6EE060691C7E40B60064DB8C /* LoginControllers */ = {
			isa = PBXGroup;
			children = (
				6E26E4EE1C629247006EC94F /* LoginViewController.swift */,
				6E26E4EF1C629247006EC94F /* ResetPasswordViewController.swift */,
				6E26E4F01C629247006EC94F /* SignUpViewController.swift */,
			);
			name = LoginControllers;
			sourceTree = "<group>";
		};
		6EE0606E1C7E46D70064DB8C /* InitialSetupControllers */ = {
			isa = PBXGroup;
			children = (
				6EE0606A1C7E46BF0064DB8C /* SetupViewController.swift */,
			);
			name = InitialSetupControllers;
			sourceTree = "<group>";
		};
		6EE060711C7E48FA0064DB8C /* TableViewCellControllers */ = {
			isa = PBXGroup;
			children = (
				6EE0606F1C7E48F50064DB8C /* SelectedUserTableViewCell.swift */,
				6EBF4B3F1CB205FF00E08A1B /* ActiveChatTableViewCell.swift */,
				6E504F511CB4B521002B1088 /* CourseTableViewCell.swift */,
				6E504F561CB4BFA3002B1088 /* ProfileTableViewCell.swift */,
			);
			name = TableViewCellControllers;
			sourceTree = "<group>";
		};
		B7349F1BB0F6312335A46E6F /* Pods */ = {
			isa = PBXGroup;
			children = (
				52DD21A05CA8943A96E5BD05 /* Pods-StudyBuddy.debug.xcconfig */,
				924BEED1E96B4C618C14A0F3 /* Pods-StudyBuddy.release.xcconfig */,
			);
			name = Pods;
			sourceTree = "<group>";
		};
		BF9A84E553443F4747127E23 /* Frameworks */ = {
			isa = PBXGroup;
			children = (
				73A63FC9415F499029047009 /* Pods_StudyBuddy.framework */,
			);
			name = Frameworks;
			sourceTree = "<group>";
		};
/* End PBXGroup section */

/* Begin PBXNativeTarget section */
		6E26E49B1C628D3A006EC94F /* StudyBuddy */ = {
			isa = PBXNativeTarget;
			buildConfigurationList = 6E26E4C41C628D3A006EC94F /* Build configuration list for PBXNativeTarget "StudyBuddy" */;
			buildPhases = (
				1E8C5C776772ADD863237F6B /* Check Pods Manifest.lock */,
				6E26E4981C628D3A006EC94F /* Sources */,
				6E26E4991C628D3A006EC94F /* Frameworks */,
				6E26E49A1C628D3A006EC94F /* Resources */,
				77BD1A1844605FF06CC517B4 /* Embed Pods Frameworks */,
				997F1FE9FC6BAA22EB9B353B /* Copy Pods Resources */,
			);
			buildRules = (
			);
			dependencies = (
			);
			name = StudyBuddy;
			productName = StudyBuddy;
			productReference = 6E26E49C1C628D3A006EC94F /* StudyBuddy.app */;
			productType = "com.apple.product-type.application";
		};
		6E26E4AF1C628D3A006EC94F /* StudyBuddyTests */ = {
			isa = PBXNativeTarget;
			buildConfigurationList = 6E26E4C71C628D3A006EC94F /* Build configuration list for PBXNativeTarget "StudyBuddyTests" */;
			buildPhases = (
				6E26E4AC1C628D3A006EC94F /* Sources */,
				6E26E4AD1C628D3A006EC94F /* Frameworks */,
				6E26E4AE1C628D3A006EC94F /* Resources */,
			);
			buildRules = (
			);
			dependencies = (
				6E26E4B21C628D3A006EC94F /* PBXTargetDependency */,
			);
			name = StudyBuddyTests;
			productName = StudyBuddyTests;
			productReference = 6E26E4B01C628D3A006EC94F /* StudyBuddyTests.xctest */;
			productType = "com.apple.product-type.bundle.unit-test";
		};
		6E26E4BA1C628D3A006EC94F /* StudyBuddyUITests */ = {
			isa = PBXNativeTarget;
			buildConfigurationList = 6E26E4CA1C628D3A006EC94F /* Build configuration list for PBXNativeTarget "StudyBuddyUITests" */;
			buildPhases = (
				6E26E4B71C628D3A006EC94F /* Sources */,
				6E26E4B81C628D3A006EC94F /* Frameworks */,
				6E26E4B91C628D3A006EC94F /* Resources */,
			);
			buildRules = (
			);
			dependencies = (
				6E26E4BD1C628D3A006EC94F /* PBXTargetDependency */,
			);
			name = StudyBuddyUITests;
			productName = StudyBuddyUITests;
			productReference = 6E26E4BB1C628D3A006EC94F /* StudyBuddyUITests.xctest */;
			productType = "com.apple.product-type.bundle.ui-testing";
		};
/* End PBXNativeTarget section */

/* Begin PBXProject section */
		6E26E4941C628D3A006EC94F /* Project object */ = {
			isa = PBXProject;
			attributes = {
				LastSwiftUpdateCheck = 0720;
				LastUpgradeCheck = 0720;
				ORGANIZATIONNAME = IST440;
				TargetAttributes = {
					6E26E49B1C628D3A006EC94F = {
						CreatedOnToolsVersion = 7.2;
						DevelopmentTeam = 7X8VAR7PG9;
					};
					6E26E4AF1C628D3A006EC94F = {
						CreatedOnToolsVersion = 7.2;
						DevelopmentTeam = 7X8VAR7PG9;
						TestTargetID = 6E26E49B1C628D3A006EC94F;
					};
					6E26E4BA1C628D3A006EC94F = {
						CreatedOnToolsVersion = 7.2;
						DevelopmentTeam = 7X8VAR7PG9;
						TestTargetID = 6E26E49B1C628D3A006EC94F;
					};
				};
			};
			buildConfigurationList = 6E26E4971C628D3A006EC94F /* Build configuration list for PBXProject "StudyBuddy" */;
			compatibilityVersion = "Xcode 3.2";
			developmentRegion = English;
			hasScannedForEncodings = 0;
			knownRegions = (
				en,
				Base,
			);
			mainGroup = 6E26E4931C628D3A006EC94F;
			productRefGroup = 6E26E49D1C628D3A006EC94F /* Products */;
			projectDirPath = "";
			projectRoot = "";
			targets = (
				6E26E49B1C628D3A006EC94F /* StudyBuddy */,
				6E26E4AF1C628D3A006EC94F /* StudyBuddyTests */,
				6E26E4BA1C628D3A006EC94F /* StudyBuddyUITests */,
			);
		};
/* End PBXProject section */

/* Begin PBXResourcesBuildPhase section */
		6E26E49A1C628D3A006EC94F /* Resources */ = {
			isa = PBXResourcesBuildPhase;
			buildActionMask = 2147483647;
			files = (
				6E9661D51C67E56F00A11453 /* Info.plist in Resources */,
				6EBF4B461CB2078900E08A1B /* chat.png in Resources */,
				6E26E4AA1C628D3A006EC94F /* LaunchScreen.storyboard in Resources */,
				6EBF4B481CB207B700E08A1B /* Images.xcassets in Resources */,
				6E26E4A71C628D3A006EC94F /* Assets.xcassets in Resources */,
				6E26E4A51C628D3A006EC94F /* Main.storyboard in Resources */,
			);
			runOnlyForDeploymentPostprocessing = 0;
		};
		6E26E4AE1C628D3A006EC94F /* Resources */ = {
			isa = PBXResourcesBuildPhase;
			buildActionMask = 2147483647;
			files = (
			);
			runOnlyForDeploymentPostprocessing = 0;
		};
		6E26E4B91C628D3A006EC94F /* Resources */ = {
			isa = PBXResourcesBuildPhase;
			buildActionMask = 2147483647;
			files = (
			);
			runOnlyForDeploymentPostprocessing = 0;
		};
/* End PBXResourcesBuildPhase section */

/* Begin PBXShellScriptBuildPhase section */
		1E8C5C776772ADD863237F6B /* Check Pods Manifest.lock */ = {
			isa = PBXShellScriptBuildPhase;
			buildActionMask = 2147483647;
			files = (
			);
			inputPaths = (
			);
			name = "Check Pods Manifest.lock";
			outputPaths = (
			);
			runOnlyForDeploymentPostprocessing = 0;
			shellPath = /bin/sh;
			shellScript = "diff \"${PODS_ROOT}/../Podfile.lock\" \"${PODS_ROOT}/Manifest.lock\" > /dev/null\nif [[ $? != 0 ]] ; then\n    cat << EOM\nerror: The sandbox is not in sync with the Podfile.lock. Run 'pod install' or update your CocoaPods installation.\nEOM\n    exit 1\nfi\n";
			showEnvVarsInLog = 0;
		};
		77BD1A1844605FF06CC517B4 /* Embed Pods Frameworks */ = {
			isa = PBXShellScriptBuildPhase;
			buildActionMask = 2147483647;
			files = (
			);
			inputPaths = (
			);
			name = "Embed Pods Frameworks";
			outputPaths = (
			);
			runOnlyForDeploymentPostprocessing = 0;
			shellPath = /bin/sh;
			shellScript = "\"${SRCROOT}/Pods/Target Support Files/Pods-StudyBuddy/Pods-StudyBuddy-frameworks.sh\"\n";
			showEnvVarsInLog = 0;
		};
		997F1FE9FC6BAA22EB9B353B /* Copy Pods Resources */ = {
			isa = PBXShellScriptBuildPhase;
			buildActionMask = 2147483647;
			files = (
			);
			inputPaths = (
			);
			name = "Copy Pods Resources";
			outputPaths = (
			);
			runOnlyForDeploymentPostprocessing = 0;
			shellPath = /bin/sh;
			shellScript = "\"${SRCROOT}/Pods/Target Support Files/Pods-StudyBuddy/Pods-StudyBuddy-resources.sh\"\n";
			showEnvVarsInLog = 0;
		};
/* End PBXShellScriptBuildPhase section */

/* Begin PBXSourcesBuildPhase section */
		6E26E4981C628D3A006EC94F /* Sources */ = {
			isa = PBXSourcesBuildPhase;
			buildActionMask = 2147483647;
			files = (
				6EBF4B401CB205FF00E08A1B /* ActiveChatsViewController.swift in Sources */,
				6E9661D31C67E56F00A11453 /* AkiraTextField.swift in Sources */,
				6E9661DD1C67E56F00A11453 /* YoshikoTextField.swift in Sources */,
				6E9661DB1C67E56F00A11453 /* TextFieldsEffects.swift in Sources */,
				6EE060701C7E48F50064DB8C /* SelectedUserTableViewCell.swift in Sources */,
				6E9661D41C67E56F00A11453 /* HoshiTextField.swift in Sources */,
				6E9661D71C67E56F00A11453 /* JiroTextField.swift in Sources */,
				6EBF4B411CB205FF00E08A1B /* ActiveChatTableViewCell.swift in Sources */,
				6E26E4F11C629247006EC94F /* LoginViewController.swift in Sources */,
				6E504F571CB4BFA3002B1088 /* ProfileTableViewCell.swift in Sources */,
				6EE0606B1C7E46BF0064DB8C /* SetupViewController.swift in Sources */,
				6E504F521CB4B521002B1088 /* CourseTableViewCell.swift in Sources */,
				6EBF4B431CB2061300E08A1B /* ChatViewController.swift in Sources */,
				6E9661D61C67E56F00A11453 /* IsaoTextField.swift in Sources */,
				6E504F5A1CB4CAB1002B1088 /* AddCourseTableViewController.swift in Sources */,
				6E9661DC1C67E56F00A11453 /* YokoTextField.swift in Sources */,
				6E504F541CB4BF63002B1088 /* ProfileViewController.swift in Sources */,
				6E9661D81C67E56F00A11453 /* KaedeTextField.swift in Sources */,
				6E26E4A01C628D3A006EC94F /* AppDelegate.swift in Sources */,
				6E504F5C1CB4CC98002B1088 /* SelectOptionTableViewController.swift in Sources */,
				6E9661DF1C67EC4300A11453 /* HomeViewController.swift in Sources */,
				6E9661D91C67E56F00A11453 /* MadokaTextField.swift in Sources */,
				6E26E4F21C629247006EC94F /* ResetPasswordViewController.swift in Sources */,
				6E26E4F31C629247006EC94F /* SignUpViewController.swift in Sources */,
				6E9661DA1C67E56F00A11453 /* MinoruTextField.swift in Sources */,
			);
			runOnlyForDeploymentPostprocessing = 0;
		};
		6E26E4AC1C628D3A006EC94F /* Sources */ = {
			isa = PBXSourcesBuildPhase;
			buildActionMask = 2147483647;
			files = (
				6E26E4B51C628D3A006EC94F /* StudyBuddyTests.swift in Sources */,
			);
			runOnlyForDeploymentPostprocessing = 0;
		};
		6E26E4B71C628D3A006EC94F /* Sources */ = {
			isa = PBXSourcesBuildPhase;
			buildActionMask = 2147483647;
			files = (
				6E26E4C01C628D3A006EC94F /* StudyBuddyUITests.swift in Sources */,
			);
			runOnlyForDeploymentPostprocessing = 0;
		};
/* End PBXSourcesBuildPhase section */

/* Begin PBXTargetDependency section */
		6E26E4B21C628D3A006EC94F /* PBXTargetDependency */ = {
			isa = PBXTargetDependency;
			target = 6E26E49B1C628D3A006EC94F /* StudyBuddy */;
			targetProxy = 6E26E4B11C628D3A006EC94F /* PBXContainerItemProxy */;
		};
		6E26E4BD1C628D3A006EC94F /* PBXTargetDependency */ = {
			isa = PBXTargetDependency;
			target = 6E26E49B1C628D3A006EC94F /* StudyBuddy */;
			targetProxy = 6E26E4BC1C628D3A006EC94F /* PBXContainerItemProxy */;
		};
/* End PBXTargetDependency section */

/* Begin PBXVariantGroup section */
		6E26E4A31C628D3A006EC94F /* Main.storyboard */ = {
			isa = PBXVariantGroup;
			children = (
				6E26E4A41C628D3A006EC94F /* Base */,
			);
			name = Main.storyboard;
			sourceTree = "<group>";
		};
		6E26E4A81C628D3A006EC94F /* LaunchScreen.storyboard */ = {
			isa = PBXVariantGroup;
			children = (
				6E26E4A91C628D3A006EC94F /* Base */,
			);
			name = LaunchScreen.storyboard;
			sourceTree = "<group>";
		};
/* End PBXVariantGroup section */

/* Begin XCBuildConfiguration section */
		6E26E4C21C628D3A006EC94F /* Debug */ = {
			isa = XCBuildConfiguration;
			buildSettings = {
				ALWAYS_SEARCH_USER_PATHS = NO;
				CLANG_CXX_LANGUAGE_STANDARD = "gnu++0x";
				CLANG_CXX_LIBRARY = "libc++";
				CLANG_ENABLE_MODULES = YES;
				CLANG_ENABLE_OBJC_ARC = YES;
				CLANG_WARN_BOOL_CONVERSION = YES;
				CLANG_WARN_CONSTANT_CONVERSION = YES;
				CLANG_WARN_DIRECT_OBJC_ISA_USAGE = YES_ERROR;
				CLANG_WARN_EMPTY_BODY = YES;
				CLANG_WARN_ENUM_CONVERSION = YES;
				CLANG_WARN_INT_CONVERSION = YES;
				CLANG_WARN_OBJC_ROOT_CLASS = YES_ERROR;
				CLANG_WARN_UNREACHABLE_CODE = YES;
				CLANG_WARN__DUPLICATE_METHOD_MATCH = YES;
				"CODE_SIGN_IDENTITY[sdk=iphoneos*]" = "iPhone Developer";
				COPY_PHASE_STRIP = NO;
				DEBUG_INFORMATION_FORMAT = dwarf;
				ENABLE_STRICT_OBJC_MSGSEND = YES;
				ENABLE_TESTABILITY = YES;
				GCC_C_LANGUAGE_STANDARD = gnu99;
				GCC_DYNAMIC_NO_PIC = NO;
				GCC_NO_COMMON_BLOCKS = YES;
				GCC_OPTIMIZATION_LEVEL = 0;
				GCC_PREPROCESSOR_DEFINITIONS = (
					"DEBUG=1",
					"$(inherited)",
				);
				GCC_WARN_64_TO_32_BIT_CONVERSION = YES;
				GCC_WARN_ABOUT_RETURN_TYPE = YES_ERROR;
				GCC_WARN_UNDECLARED_SELECTOR = YES;
				GCC_WARN_UNINITIALIZED_AUTOS = YES_AGGRESSIVE;
				GCC_WARN_UNUSED_FUNCTION = YES;
				GCC_WARN_UNUSED_VARIABLE = YES;
				IPHONEOS_DEPLOYMENT_TARGET = 9.2;
				MTL_ENABLE_DEBUG_INFO = YES;
				ONLY_ACTIVE_ARCH = YES;
				SDKROOT = iphoneos;
				SWIFT_OPTIMIZATION_LEVEL = "-Onone";
				TARGETED_DEVICE_FAMILY = "1,2";
			};
			name = Debug;
		};
		6E26E4C31C628D3A006EC94F /* Release */ = {
			isa = XCBuildConfiguration;
			buildSettings = {
				ALWAYS_SEARCH_USER_PATHS = NO;
				CLANG_CXX_LANGUAGE_STANDARD = "gnu++0x";
				CLANG_CXX_LIBRARY = "libc++";
				CLANG_ENABLE_MODULES = YES;
				CLANG_ENABLE_OBJC_ARC = YES;
				CLANG_WARN_BOOL_CONVERSION = YES;
				CLANG_WARN_CONSTANT_CONVERSION = YES;
				CLANG_WARN_DIRECT_OBJC_ISA_USAGE = YES_ERROR;
				CLANG_WARN_EMPTY_BODY = YES;
				CLANG_WARN_ENUM_CONVERSION = YES;
				CLANG_WARN_INT_CONVERSION = YES;
				CLANG_WARN_OBJC_ROOT_CLASS = YES_ERROR;
				CLANG_WARN_UNREACHABLE_CODE = YES;
				CLANG_WARN__DUPLICATE_METHOD_MATCH = YES;
				"CODE_SIGN_IDENTITY[sdk=iphoneos*]" = "iPhone Developer";
				COPY_PHASE_STRIP = NO;
				DEBUG_INFORMATION_FORMAT = "dwarf-with-dsym";
				ENABLE_NS_ASSERTIONS = NO;
				ENABLE_STRICT_OBJC_MSGSEND = YES;
				GCC_C_LANGUAGE_STANDARD = gnu99;
				GCC_NO_COMMON_BLOCKS = YES;
				GCC_WARN_64_TO_32_BIT_CONVERSION = YES;
				GCC_WARN_ABOUT_RETURN_TYPE = YES_ERROR;
				GCC_WARN_UNDECLARED_SELECTOR = YES;
				GCC_WARN_UNINITIALIZED_AUTOS = YES_AGGRESSIVE;
				GCC_WARN_UNUSED_FUNCTION = YES;
				GCC_WARN_UNUSED_VARIABLE = YES;
				IPHONEOS_DEPLOYMENT_TARGET = 9.2;
				MTL_ENABLE_DEBUG_INFO = NO;
				SDKROOT = iphoneos;
				TARGETED_DEVICE_FAMILY = "1,2";
				VALIDATE_PRODUCT = YES;
			};
			name = Release;
		};
		6E26E4C51C628D3A006EC94F /* Debug */ = {
			isa = XCBuildConfiguration;
			baseConfigurationReference = 52DD21A05CA8943A96E5BD05 /* Pods-StudyBuddy.debug.xcconfig */;
			buildSettings = {
				ASSETCATALOG_COMPILER_APPICON_NAME = AppIcon;
				CLANG_ENABLE_MODULES = YES;
				FRAMEWORK_SEARCH_PATHS = (
					"$(inherited)",
					"$(PROJECT_DIR)/StudyBuddy",
				);
				INFOPLIST_FILE = StudyBuddy/Info.plist;
				LD_RUNPATH_SEARCH_PATHS = "$(inherited) @executable_path/Frameworks";
				PRODUCT_BUNDLE_IDENTIFIER = IST440.StudyBuddy;
				PRODUCT_NAME = "$(TARGET_NAME)";
				SWIFT_OBJC_BRIDGING_HEADER = "";
				SWIFT_OPTIMIZATION_LEVEL = "-Onone";
			};
			name = Debug;
		};
		6E26E4C61C628D3A006EC94F /* Release */ = {
			isa = XCBuildConfiguration;
			baseConfigurationReference = 924BEED1E96B4C618C14A0F3 /* Pods-StudyBuddy.release.xcconfig */;
			buildSettings = {
				ASSETCATALOG_COMPILER_APPICON_NAME = AppIcon;
				CLANG_ENABLE_MODULES = YES;
				FRAMEWORK_SEARCH_PATHS = (
					"$(inherited)",
					"$(PROJECT_DIR)/StudyBuddy",
				);
				INFOPLIST_FILE = StudyBuddy/Info.plist;
				LD_RUNPATH_SEARCH_PATHS = "$(inherited) @executable_path/Frameworks";
				PRODUCT_BUNDLE_IDENTIFIER = IST440.StudyBuddy;
				PRODUCT_NAME = "$(TARGET_NAME)";
				SWIFT_OBJC_BRIDGING_HEADER = "";
			};
			name = Release;
		};
		6E26E4C81C628D3A006EC94F /* Debug */ = {
			isa = XCBuildConfiguration;
			buildSettings = {
				BUNDLE_LOADER = "$(TEST_HOST)";
				INFOPLIST_FILE = StudyBuddyTests/Info.plist;
				LD_RUNPATH_SEARCH_PATHS = "$(inherited) @executable_path/Frameworks @loader_path/Frameworks";
				PRODUCT_BUNDLE_IDENTIFIER = IST440.StudyBuddyTests;
				PRODUCT_NAME = "$(TARGET_NAME)";
				TEST_HOST = "$(BUILT_PRODUCTS_DIR)/StudyBuddy.app/StudyBuddy";
			};
			name = Debug;
		};
		6E26E4C91C628D3A006EC94F /* Release */ = {
			isa = XCBuildConfiguration;
			buildSettings = {
				BUNDLE_LOADER = "$(TEST_HOST)";
				INFOPLIST_FILE = StudyBuddyTests/Info.plist;
				LD_RUNPATH_SEARCH_PATHS = "$(inherited) @executable_path/Frameworks @loader_path/Frameworks";
				PRODUCT_BUNDLE_IDENTIFIER = IST440.StudyBuddyTests;
				PRODUCT_NAME = "$(TARGET_NAME)";
				TEST_HOST = "$(BUILT_PRODUCTS_DIR)/StudyBuddy.app/StudyBuddy";
			};
			name = Release;
		};
		6E26E4CB1C628D3A006EC94F /* Debug */ = {
			isa = XCBuildConfiguration;
			buildSettings = {
				INFOPLIST_FILE = StudyBuddyUITests/Info.plist;
				LD_RUNPATH_SEARCH_PATHS = "$(inherited) @executable_path/Frameworks @loader_path/Frameworks";
				PRODUCT_BUNDLE_IDENTIFIER = IST440.StudyBuddyUITests;
				PRODUCT_NAME = "$(TARGET_NAME)";
				TEST_TARGET_NAME = StudyBuddy;
				USES_XCTRUNNER = YES;
			};
			name = Debug;
		};
		6E26E4CC1C628D3A006EC94F /* Release */ = {
			isa = XCBuildConfiguration;
			buildSettings = {
				INFOPLIST_FILE = StudyBuddyUITests/Info.plist;
				LD_RUNPATH_SEARCH_PATHS = "$(inherited) @executable_path/Frameworks @loader_path/Frameworks";
				PRODUCT_BUNDLE_IDENTIFIER = IST440.StudyBuddyUITests;
				PRODUCT_NAME = "$(TARGET_NAME)";
				TEST_TARGET_NAME = StudyBuddy;
				USES_XCTRUNNER = YES;
			};
			name = Release;
		};
/* End XCBuildConfiguration section */

/* Begin XCConfigurationList section */
		6E26E4971C628D3A006EC94F /* Build configuration list for PBXProject "StudyBuddy" */ = {
			isa = XCConfigurationList;
			buildConfigurations = (
				6E26E4C21C628D3A006EC94F /* Debug */,
				6E26E4C31C628D3A006EC94F /* Release */,
			);
			defaultConfigurationIsVisible = 0;
			defaultConfigurationName = Release;
		};
		6E26E4C41C628D3A006EC94F /* Build configuration list for PBXNativeTarget "StudyBuddy" */ = {
			isa = XCConfigurationList;
			buildConfigurations = (
				6E26E4C51C628D3A006EC94F /* Debug */,
				6E26E4C61C628D3A006EC94F /* Release */,
			);
			defaultConfigurationIsVisible = 0;
			defaultConfigurationName = Release;
		};
		6E26E4C71C628D3A006EC94F /* Build configuration list for PBXNativeTarget "StudyBuddyTests" */ = {
			isa = XCConfigurationList;
			buildConfigurations = (
				6E26E4C81C628D3A006EC94F /* Debug */,
				6E26E4C91C628D3A006EC94F /* Release */,
			);
			defaultConfigurationIsVisible = 0;
			defaultConfigurationName = Release;
		};
		6E26E4CA1C628D3A006EC94F /* Build configuration list for PBXNativeTarget "StudyBuddyUITests" */ = {
			isa = XCConfigurationList;
			buildConfigurations = (
				6E26E4CB1C628D3A006EC94F /* Debug */,
				6E26E4CC1C628D3A006EC94F /* Release */,
			);
			defaultConfigurationIsVisible = 0;
			defaultConfigurationName = Release;
		};
/* End XCConfigurationList section */
	};
	rootObject = 6E26E4941C628D3A006EC94F /* Project object */;
}
